// !$*UTF8*$!
{
	archiveVersion = 1;
	classes = {
	};
	objectVersion = 46;
	objects = {

/* Begin PBXFileReference section */
		BD8A03E01A36E56B0001636B /* LICENSE.md */ = {isa = PBXFileReference; lastKnownFileType = net.daringfireball.markdown; path = LICENSE.md; sourceTree = "<group>"; };
		BD8A03E11A36E56B0001636B /* README.md */ = {isa = PBXFileReference; lastKnownFileType = net.daringfireball.markdown; path = README.md; sourceTree = "<group>"; };
		BD8A03E31A36E56B0001636B /* HYPPopoverBackgroundView.h */ = {isa = PBXFileReference; lastKnownFileType = sourcecode.c.h; path = HYPPopoverBackgroundView.h; sourceTree = "<group>"; };
		BD8A03E41A36E56B0001636B /* HYPPopoverBackgroundView.m */ = {isa = PBXFileReference; lastKnownFileType = sourcecode.c.objc; path = HYPPopoverBackgroundView.m; sourceTree = "<group>"; };
/* End PBXFileReference section */

/* Begin PBXGroup section */
		BD8A03D91A36E5520001636B = {
			isa = PBXGroup;
			children = (
				BD8A03E01A36E56B0001636B /* LICENSE.md */,
				BD8A03E11A36E56B0001636B /* README.md */,
				BD8A03E21A36E56B0001636B /* Source */,
			);
			sourceTree = "<group>";
		};
		BD8A03E21A36E56B0001636B /* Source */ = {
			isa = PBXGroup;
			children = (
				BD8A03E31A36E56B0001636B /* HYPPopoverBackgroundView.h */,
				BD8A03E41A36E56B0001636B /* HYPPopoverBackgroundView.m */,
			);
			path = Source;
			sourceTree = "<group>";
		};
/* End PBXGroup section */

/* Begin PBXProject section */
		BD8A03DA1A36E5520001636B /* Project object */ = {
			isa = PBXProject;
			attributes = {
				LastUpgradeCheck = 0620;
			};
			buildConfigurationList = BD8A03DD1A36E5520001636B /* Build configuration list for PBXProject "HYPPopoverBackgroundView" */;
			compatibilityVersion = "Xcode 3.2";
			developmentRegion = English;
			hasScannedForEncodings = 0;
			knownRegions = (
				en,
			);
			mainGroup = BD8A03D91A36E5520001636B;
			projectDirPath = "";
			projectRoot = "";
			targets = (
			);
		};
/* End PBXProject section */

/* Begin XCBuildConfiguration section */
		BD8A03DE1A36E5520001636B /* Debug */ = {
			isa = XCBuildConfiguration;
			buildSettings = {
			};
			name = Debug;
		};
		BD8A03DF1A36E5520001636B /* Release */ = {
			isa = XCBuildConfiguration;
			buildSettings = {
			};
			name = Release;
		};
/* End XCBuildConfiguration section */

/* Begin XCConfigurationList section */
		BD8A03DD1A36E5520001636B /* Build configuration list for PBXProject "HYPPopoverBackgroundView" */ = {
			isa = XCConfigurationList;
			buildConfigurations = (
				BD8A03DE1A36E5520001636B /* Debug */,
				BD8A03DF1A36E5520001636B /* Release */,
			);
			defaultConfigurationIsVisible = 0;
			defaultConfigurationName = Release;
		};
/* End XCConfigurationList section */
	};
	rootObject = BD8A03DA1A36E5520001636B /* Project object */;
}
